// !$*UTF8*$!
{
	archiveVersion = 1;
	classes = {
	};
	objectVersion = 56;
	objects = {

/* Begin PBXBuildFile section */
		D202689C29709BBF006AD5DA /* main.cpp in Sources */ = {isa = PBXBuildFile; fileRef = D202689B29709BBF006AD5DA /* main.cpp */; };
		D24553C029A3A21300CEB602 /* interpolations.cpp in Sources */ = {isa = PBXBuildFile; fileRef = D24553BE29A3A21300CEB602 /* interpolations.cpp */; };
		D24553C429A4E85800CEB602 /* pointercmd.cpp in Sources */ = {isa = PBXBuildFile; fileRef = D24553C229A4E85800CEB602 /* pointercmd.cpp */; };
		D2C7C49D299279B100F1616F /* commands.cpp in Sources */ = {isa = PBXBuildFile; fileRef = D2C7C49B299279B100F1616F /* commands.cpp */; };
/* End PBXBuildFile section */

/* Begin PBXCopyFilesBuildPhase section */
		D202689629709BBF006AD5DA /* CopyFiles */ = {
			isa = PBXCopyFilesBuildPhase;
			buildActionMask = 2147483647;
			dstPath = /usr/share/man/man1/;
			dstSubfolderSpec = 0;
			files = (
			);
			runOnlyForDeploymentPostprocessing = 1;
		};
/* End PBXCopyFilesBuildPhase section */

/* Begin PBXFileReference section */
		D202689829709BBF006AD5DA /* Variable Delay Line Project */ = {isa = PBXFileReference; explicitFileType = "compiled.mach-o.executable"; includeInIndex = 0; path = "Variable Delay Line Project"; sourceTree = BUILT_PRODUCTS_DIR; };
		D202689B29709BBF006AD5DA /* main.cpp */ = {isa = PBXFileReference; lastKnownFileType = sourcecode.cpp.cpp; path = main.cpp; sourceTree = "<group>"; };
		D24553BE29A3A21300CEB602 /* interpolations.cpp */ = {isa = PBXFileReference; lastKnownFileType = sourcecode.cpp.cpp; path = interpolations.cpp; sourceTree = "<group>"; };
		D24553BF29A3A21300CEB602 /* interpolations.hpp */ = {isa = PBXFileReference; lastKnownFileType = sourcecode.cpp.h; path = interpolations.hpp; sourceTree = "<group>"; };
		D24553C229A4E85800CEB602 /* pointercmd.cpp */ = {isa = PBXFileReference; lastKnownFileType = sourcecode.cpp.cpp; path = pointercmd.cpp; sourceTree = "<group>"; };
		D24553C329A4E85800CEB602 /* pointercmd.hpp */ = {isa = PBXFileReference; lastKnownFileType = sourcecode.cpp.h; path = pointercmd.hpp; sourceTree = "<group>"; };
		D2C7C49B299279B100F1616F /* commands.cpp */ = {isa = PBXFileReference; lastKnownFileType = sourcecode.cpp.cpp; path = commands.cpp; sourceTree = "<group>"; };
		D2C7C49C299279B100F1616F /* commands.hpp */ = {isa = PBXFileReference; lastKnownFileType = sourcecode.cpp.h; path = commands.hpp; sourceTree = "<group>"; };
/* End PBXFileReference section */

/* Begin PBXFrameworksBuildPhase section */
		D202689529709BBF006AD5DA /* Frameworks */ = {
			isa = PBXFrameworksBuildPhase;
			buildActionMask = 2147483647;
			files = (
			);
			runOnlyForDeploymentPostprocessing = 0;
		};
/* End PBXFrameworksBuildPhase section */

/* Begin PBXGroup section */
		D202688F29709BBF006AD5DA = {
			isa = PBXGroup;
			children = (
				D202689B29709BBF006AD5DA /* main.cpp */,
				D2C7C4972992799400F1616F /* Libraries */,
				D202689929709BBF006AD5DA /* Products */,
				D2F076982992FE7900A97155 /* Frameworks */,
			);
			sourceTree = "<group>";
		};
		D202689929709BBF006AD5DA /* Products */ = {
			isa = PBXGroup;
			children = (
				D202689829709BBF006AD5DA /* Variable Delay Line Project */,
			);
			name = Products;
			sourceTree = "<group>";
		};
		D2C7C4972992799400F1616F /* Libraries */ = {
			isa = PBXGroup;
			children = (
				D2C7C49B299279B100F1616F /* commands.cpp */,
				D2C7C49C299279B100F1616F /* commands.hpp */,
				D24553BE29A3A21300CEB602 /* interpolations.cpp */,
				D24553C229A4E85800CEB602 /* pointercmd.cpp */,
				D24553C329A4E85800CEB602 /* pointercmd.hpp */,
				D24553BF29A3A21300CEB602 /* interpolations.hpp */,
			);
			path = Libraries;
			sourceTree = "<group>";
		};
		D2F076982992FE7900A97155 /* Frameworks */ = {
			isa = PBXGroup;
			children = (
			);
			name = Frameworks;
			sourceTree = "<group>";
		};
/* End PBXGroup section */

/* Begin PBXNativeTarget section */
		D202689729709BBF006AD5DA /* Variable Delay Line Project */ = {
			isa = PBXNativeTarget;
			buildConfigurationList = D202689F29709BBF006AD5DA /* Build configuration list for PBXNativeTarget "Variable Delay Line Project" */;
			buildPhases = (
				D202689429709BBF006AD5DA /* Sources */,
				D202689529709BBF006AD5DA /* Frameworks */,
				D202689629709BBF006AD5DA /* CopyFiles */,
			);
			buildRules = (
			);
			dependencies = (
			);
			name = "Variable Delay Line Project";
			productName = "Variable Delay Line Project";
			productReference = D202689829709BBF006AD5DA /* Variable Delay Line Project */;
			productType = "com.apple.product-type.tool";
		};
/* End PBXNativeTarget section */

/* Begin PBXProject section */
		D202689029709BBF006AD5DA /* Project object */ = {
			isa = PBXProject;
			attributes = {
				BuildIndependentTargetsInParallel = 1;
				LastUpgradeCheck = 1410;
				TargetAttributes = {
					D202689729709BBF006AD5DA = {
						CreatedOnToolsVersion = 14.1;
					};
				};
			};
			buildConfigurationList = D202689329709BBF006AD5DA /* Build configuration list for PBXProject "Variable Delay Line Project" */;
			compatibilityVersion = "Xcode 14.0";
			developmentRegion = en;
			hasScannedForEncodings = 0;
			knownRegions = (
				en,
				Base,
			);
			mainGroup = D202688F29709BBF006AD5DA;
			productRefGroup = D202689929709BBF006AD5DA /* Products */;
			projectDirPath = "";
			projectRoot = "";
			targets = (
				D202689729709BBF006AD5DA /* Variable Delay Line Project */,
			);
		};
/* End PBXProject section */

/* Begin PBXSourcesBuildPhase section */
		D202689429709BBF006AD5DA /* Sources */ = {
			isa = PBXSourcesBuildPhase;
			buildActionMask = 2147483647;
			files = (
				D24553C429A4E85800CEB602 /* pointercmd.cpp in Sources */,
				D202689C29709BBF006AD5DA /* main.cpp in Sources */,
				D2C7C49D299279B100F1616F /* commands.cpp in Sources */,
				D24553C029A3A21300CEB602 /* interpolations.cpp in Sources */,
			);
			runOnlyForDeploymentPostprocessing = 0;
		};
/* End PBXSourcesBuildPhase section */

/* Begin XCBuildConfiguration section */
		D202689D29709BBF006AD5DA /* Debug */ = {
			isa = XCBuildConfiguration;
			buildSettings = {
				ALWAYS_SEARCH_USER_PATHS = NO;
				CLANG_ANALYZER_NONNULL = YES;
				CLANG_ANALYZER_NUMBER_OBJECT_CONVERSION = YES_AGGRESSIVE;
				CLANG_CXX_LANGUAGE_STANDARD = "gnu++20";
				CLANG_ENABLE_MODULES = YES;
				CLANG_ENABLE_OBJC_ARC = YES;
				CLANG_ENABLE_OBJC_WEAK = YES;
				CLANG_WARN_BLOCK_CAPTURE_AUTORELEASING = YES;
				CLANG_WARN_BOOL_CONVERSION = YES;
				CLANG_WARN_COMMA = YES;
				CLANG_WARN_CONSTANT_CONVERSION = YES;
				CLANG_WARN_DEPRECATED_OBJC_IMPLEMENTATIONS = YES;
				CLANG_WARN_DIRECT_OBJC_ISA_USAGE = YES_ERROR;
				CLANG_WARN_DOCUMENTATION_COMMENTS = YES;
				CLANG_WARN_EMPTY_BODY = YES;
				CLANG_WARN_ENUM_CONVERSION = YES;
				CLANG_WARN_INFINITE_RECURSION = YES;
				CLANG_WARN_INT_CONVERSION = YES;
				CLANG_WARN_NON_LITERAL_NULL_CONVERSION = YES;
				CLANG_WARN_OBJC_IMPLICIT_RETAIN_SELF = YES;
				CLANG_WARN_OBJC_LITERAL_CONVERSION = YES;
				CLANG_WARN_OBJC_ROOT_CLASS = YES_ERROR;
				CLANG_WARN_QUOTED_INCLUDE_IN_FRAMEWORK_HEADER = YES;
				CLANG_WARN_RANGE_LOOP_ANALYSIS = YES;
				CLANG_WARN_STRICT_PROTOTYPES = YES;
				CLANG_WARN_SUSPICIOUS_MOVE = YES;
				CLANG_WARN_UNGUARDED_AVAILABILITY = YES_AGGRESSIVE;
				CLANG_WARN_UNREACHABLE_CODE = YES;
				CLANG_WARN__DUPLICATE_METHOD_MATCH = YES;
				COPY_PHASE_STRIP = NO;
				DEBUG_INFORMATION_FORMAT = dwarf;
				ENABLE_STRICT_OBJC_MSGSEND = YES;
				ENABLE_TESTABILITY = YES;
				GCC_C_LANGUAGE_STANDARD = gnu11;
				GCC_DYNAMIC_NO_PIC = NO;
				GCC_NO_COMMON_BLOCKS = YES;
				GCC_OPTIMIZATION_LEVEL = 0;
				GCC_PREPROCESSOR_DEFINITIONS = (
					"DEBUG=1",
					"$(inherited)",
				);
				GCC_WARN_64_TO_32_BIT_CONVERSION = YES;
				GCC_WARN_ABOUT_RETURN_TYPE = YES_ERROR;
				GCC_WARN_UNDECLARED_SELECTOR = YES;
				GCC_WARN_UNINITIALIZED_AUTOS = YES_AGGRESSIVE;
				GCC_WARN_UNUSED_FUNCTION = YES;
				GCC_WARN_UNUSED_VARIABLE = YES;
				MACOSX_DEPLOYMENT_TARGET = "$(RECOMMENDED_MACOSX_DEPLOYMENT_TARGET)";
				MTL_ENABLE_DEBUG_INFO = INCLUDE_SOURCE;
				MTL_FAST_MATH = YES;
				ONLY_ACTIVE_ARCH = YES;
				SDKROOT = macosx;
			};
			name = Debug;
		};
		D202689E29709BBF006AD5DA /* Release */ = {
			isa = XCBuildConfiguration;
			buildSettings = {
				ALWAYS_SEARCH_USER_PATHS = NO;
				CLANG_ANALYZER_NONNULL = YES;
				CLANG_ANALYZER_NUMBER_OBJECT_CONVERSION = YES_AGGRESSIVE;
				CLANG_CXX_LANGUAGE_STANDARD = "gnu++20";
				CLANG_ENABLE_MODULES = YES;
				CLANG_ENABLE_OBJC_ARC = YES;
				CLANG_ENABLE_OBJC_WEAK = YES;
				CLANG_WARN_BLOCK_CAPTURE_AUTORELEASING = YES;
				CLANG_WARN_BOOL_CONVERSION = YES;
				CLANG_WARN_COMMA = YES;
				CLANG_WARN_CONSTANT_CONVERSION = YES;
				CLANG_WARN_DEPRECATED_OBJC_IMPLEMENTATIONS = YES;
				CLANG_WARN_DIRECT_OBJC_ISA_USAGE = YES_ERROR;
				CLANG_WARN_DOCUMENTATION_COMMENTS = YES;
				CLANG_WARN_EMPTY_BODY = YES;
				CLANG_WARN_ENUM_CONVERSION = YES;
				CLANG_WARN_INFINITE_RECURSION = YES;
				CLANG_WARN_INT_CONVERSION = YES;
				CLANG_WARN_NON_LITERAL_NULL_CONVERSION = YES;
				CLANG_WARN_OBJC_IMPLICIT_RETAIN_SELF = YES;
				CLANG_WARN_OBJC_LITERAL_CONVERSION = YES;
				CLANG_WARN_OBJC_ROOT_CLASS = YES_ERROR;
				CLANG_WARN_QUOTED_INCLUDE_IN_FRAMEWORK_HEADER = YES;
				CLANG_WARN_RANGE_LOOP_ANALYSIS = YES;
				CLANG_WARN_STRICT_PROTOTYPES = YES;
				CLANG_WARN_SUSPICIOUS_MOVE = YES;
				CLANG_WARN_UNGUARDED_AVAILABILITY = YES_AGGRESSIVE;
				CLANG_WARN_UNREACHABLE_CODE = YES;
				CLANG_WARN__DUPLICATE_METHOD_MATCH = YES;
				COPY_PHASE_STRIP = NO;
				DEBUG_INFORMATION_FORMAT = "dwarf-with-dsym";
				ENABLE_NS_ASSERTIONS = NO;
				ENABLE_STRICT_OBJC_MSGSEND = YES;
				GCC_C_LANGUAGE_STANDARD = gnu11;
				GCC_NO_COMMON_BLOCKS = YES;
				GCC_WARN_64_TO_32_BIT_CONVERSION = YES;
				GCC_WARN_ABOUT_RETURN_TYPE = YES_ERROR;
				GCC_WARN_UNDECLARED_SELECTOR = YES;
				GCC_WARN_UNINITIALIZED_AUTOS = YES_AGGRESSIVE;
				GCC_WARN_UNUSED_FUNCTION = YES;
				GCC_WARN_UNUSED_VARIABLE = YES;
				MACOSX_DEPLOYMENT_TARGET = "$(RECOMMENDED_MACOSX_DEPLOYMENT_TARGET)";
				MTL_ENABLE_DEBUG_INFO = NO;
				MTL_FAST_MATH = YES;
				SDKROOT = macosx;
			};
			name = Release;
		};
		D20268A029709BBF006AD5DA /* Debug */ = {
			isa = XCBuildConfiguration;
			buildSettings = {
				CODE_SIGN_STYLE = Automatic;
				DEVELOPMENT_TEAM = H4H52R7WJ8;
				ENABLE_HARDENED_RUNTIME = YES;
				GENERATE_INFOPLIST_FILE = YES;
				HEADER_SEARCH_PATHS = (
					/Users/alexsedman/Documents/Xcode,
					Projects/Variable,
					Delay,
					Line,
					"Project/stk-master/include",
				);
				MACOSX_DEPLOYMENT_TARGET = "$(RECOMMENDED_MACOSX_DEPLOYMENT_TARGET)";
				PRODUCT_NAME = "$(TARGET_NAME)";
			};
			name = Debug;
		};
		D20268A129709BBF006AD5DA /* Release */ = {
			isa = XCBuildConfiguration;
			buildSettings = {
				CODE_SIGN_STYLE = Automatic;
				DEVELOPMENT_TEAM = H4H52R7WJ8;
				ENABLE_HARDENED_RUNTIME = YES;
				GENERATE_INFOPLIST_FILE = YES;
				HEADER_SEARCH_PATHS = (
					/Users/alexsedman/Documents/Xcode,
					Projects/Variable,
					Delay,
					Line,
					"Project/stk-master/include",
				);
				MACOSX_DEPLOYMENT_TARGET = "$(RECOMMENDED_MACOSX_DEPLOYMENT_TARGET)";
				PRODUCT_NAME = "$(TARGET_NAME)";
			};
			name = Release;
		};
/* End XCBuildConfiguration section */

/* Begin XCConfigurationList section */
		D202689329709BBF006AD5DA /* Build configuration list for PBXProject "Variable Delay Line Project" */ = {
			isa = XCConfigurationList;
			buildConfigurations = (
				D202689D29709BBF006AD5DA /* Debug */,
				D202689E29709BBF006AD5DA /* Release */,
			);
			defaultConfigurationIsVisible = 0;
			defaultConfigurationName = Release;
		};
		D202689F29709BBF006AD5DA /* Build configuration list for PBXNativeTarget "Variable Delay Line Project" */ = {
			isa = XCConfigurationList;
			buildConfigurations = (
				D20268A029709BBF006AD5DA /* Debug */,
				D20268A129709BBF006AD5DA /* Release */,
			);
			defaultConfigurationIsVisible = 0;
			defaultConfigurationName = Release;
		};
/* End XCConfigurationList section */
	};
	rootObject = D202689029709BBF006AD5DA /* Project object */;
}
