// !$*UTF8*$!
{
	archiveVersion = 1;
	classes = {
	};
	objectVersion = 56;
	objects = {

/* Begin PBXBuildFile section */
		D202689C29709BBF006AD5DA /* main.cpp in Sources */ = {isa = PBXBuildFile; fileRef = D202689B29709BBF006AD5DA /* main.cpp */; };
		D2C7C49A299279A500F1616F /* interpolate.cpp in Sources */ = {isa = PBXBuildFile; fileRef = D2C7C498299279A500F1616F /* interpolate.cpp */; };
		D2C7C49D299279B100F1616F /* commands.cpp in Sources */ = {isa = PBXBuildFile; fileRef = D2C7C49B299279B100F1616F /* commands.cpp */; };
		D2F076992992FE7900A97155 /* libSTK.a in Frameworks */ = {isa = PBXBuildFile; fileRef = D2F076952992FE5600A97155 /* libSTK.a */; };
/* End PBXBuildFile section */

/* Begin PBXContainerItemProxy section */
		D2F076942992FE5600A97155 /* PBXContainerItemProxy */ = {
			isa = PBXContainerItemProxy;
			containerPortal = D2F0768F2992FE5600A97155 /* STK.xcodeproj */;
			proxyType = 2;
			remoteGlobalIDString = B0AC5BEE18CB31DE00D860C0;
			remoteInfo = STK;
		};
		D2F076962992FE5600A97155 /* PBXContainerItemProxy */ = {
			isa = PBXContainerItemProxy;
			containerPortal = D2F0768F2992FE5600A97155 /* STK.xcodeproj */;
			proxyType = 2;
			remoteGlobalIDString = B0EC33B718CB73A70005787B;
			remoteInfo = rawwaves;
		};
		D2F0769A2992FE8C00A97155 /* PBXContainerItemProxy */ = {
			isa = PBXContainerItemProxy;
			containerPortal = D2F0768F2992FE5600A97155 /* STK.xcodeproj */;
			proxyType = 1;
			remoteGlobalIDString = B0EC337B18CB73480005787B;
			remoteInfo = rawwaves;
		};
		D2F076B42993239A00A97155 /* PBXContainerItemProxy */ = {
			isa = PBXContainerItemProxy;
			containerPortal = D2F076AD2993239A00A97155 /* SAL.xcodeproj */;
			proxyType = 2;
			remoteGlobalIDString = 57A156C51593457600AA6445;
			remoteInfo = "SAL test";
		};
		D2F076B62993239A00A97155 /* PBXContainerItemProxy */ = {
			isa = PBXContainerItemProxy;
			containerPortal = D2F076AD2993239A00A97155 /* SAL.xcodeproj */;
			proxyType = 2;
			remoteGlobalIDString = 5741B562241B1D9700A6E779;
			remoteInfo = "SAL test (with SH)";
		};
		D2F076B82993239A00A97155 /* PBXContainerItemProxy */ = {
			isa = PBXContainerItemProxy;
			containerPortal = D2F076AD2993239A00A97155 /* SAL.xcodeproj */;
			proxyType = 2;
			remoteGlobalIDString = 57B4EF9F1CD81B6900134991;
			remoteInfo = "SAL (with SH)";
		};
		D2F076BA2993239A00A97155 /* PBXContainerItemProxy */ = {
			isa = PBXContainerItemProxy;
			containerPortal = D2F076AD2993239A00A97155 /* SAL.xcodeproj */;
			proxyType = 2;
			remoteGlobalIDString = 57B4EFA01CD81B6900134991;
			remoteInfo = SALiOS;
		};
/* End PBXContainerItemProxy section */

/* Begin PBXCopyFilesBuildPhase section */
		D202689629709BBF006AD5DA /* CopyFiles */ = {
			isa = PBXCopyFilesBuildPhase;
			buildActionMask = 2147483647;
			dstPath = /usr/share/man/man1/;
			dstSubfolderSpec = 0;
			files = (
			);
			runOnlyForDeploymentPostprocessing = 1;
		};
/* End PBXCopyFilesBuildPhase section */

/* Begin PBXFileReference section */
		D202689829709BBF006AD5DA /* Variable Delay Line Project */ = {isa = PBXFileReference; explicitFileType = "compiled.mach-o.executable"; includeInIndex = 0; path = "Variable Delay Line Project"; sourceTree = BUILT_PRODUCTS_DIR; };
		D202689B29709BBF006AD5DA /* main.cpp */ = {isa = PBXFileReference; lastKnownFileType = sourcecode.cpp.cpp; path = main.cpp; sourceTree = "<group>"; };
		D2C7C498299279A500F1616F /* interpolate.cpp */ = {isa = PBXFileReference; lastKnownFileType = sourcecode.cpp.cpp; path = interpolate.cpp; sourceTree = "<group>"; };
		D2C7C499299279A500F1616F /* interpolate.hpp */ = {isa = PBXFileReference; lastKnownFileType = sourcecode.cpp.h; path = interpolate.hpp; sourceTree = "<group>"; };
		D2C7C49B299279B100F1616F /* commands.cpp */ = {isa = PBXFileReference; lastKnownFileType = sourcecode.cpp.cpp; path = commands.cpp; sourceTree = "<group>"; };
		D2C7C49C299279B100F1616F /* commands.hpp */ = {isa = PBXFileReference; lastKnownFileType = sourcecode.cpp.h; path = commands.hpp; sourceTree = "<group>"; };
		D2F0768F2992FE5600A97155 /* STK.xcodeproj */ = {isa = PBXFileReference; lastKnownFileType = "wrapper.pb-project"; name = STK.xcodeproj; path = "stk-master/iOS/STK.xcodeproj"; sourceTree = SOURCE_ROOT; };
		D2F076AD2993239A00A97155 /* SAL.xcodeproj */ = {isa = PBXFileReference; lastKnownFileType = "wrapper.pb-project"; name = SAL.xcodeproj; path = "../../../../Downloads/sal-master/SAL.xcodeproj"; sourceTree = "<group>"; };
/* End PBXFileReference section */

/* Begin PBXFrameworksBuildPhase section */
		D202689529709BBF006AD5DA /* Frameworks */ = {
			isa = PBXFrameworksBuildPhase;
			buildActionMask = 2147483647;
			files = (
				D2F076992992FE7900A97155 /* libSTK.a in Frameworks */,
			);
			runOnlyForDeploymentPostprocessing = 0;
		};
/* End PBXFrameworksBuildPhase section */

/* Begin PBXGroup section */
		D202688F29709BBF006AD5DA = {
			isa = PBXGroup;
			children = (
				D202689B29709BBF006AD5DA /* main.cpp */,
				D2C7C4972992799400F1616F /* Libraries */,
				D202689929709BBF006AD5DA /* Products */,
				D2F076982992FE7900A97155 /* Frameworks */,
			);
			sourceTree = "<group>";
		};
		D202689929709BBF006AD5DA /* Products */ = {
			isa = PBXGroup;
			children = (
				D202689829709BBF006AD5DA /* Variable Delay Line Project */,
			);
			name = Products;
			sourceTree = "<group>";
		};
		D2C7C4972992799400F1616F /* Libraries */ = {
			isa = PBXGroup;
			children = (
				D2F076AD2993239A00A97155 /* SAL.xcodeproj */,
				D2F0768F2992FE5600A97155 /* STK.xcodeproj */,
				D2C7C498299279A500F1616F /* interpolate.cpp */,
				D2C7C49B299279B100F1616F /* commands.cpp */,
				D2C7C49C299279B100F1616F /* commands.hpp */,
				D2C7C499299279A500F1616F /* interpolate.hpp */,
			);
			path = Libraries;
			sourceTree = "<group>";
		};
		D2F076902992FE5600A97155 /* Products */ = {
			isa = PBXGroup;
			children = (
				D2F076952992FE5600A97155 /* libSTK.a */,
				D2F076972992FE5600A97155 /* rawwaves.bundle */,
			);
			name = Products;
			sourceTree = "<group>";
		};
		D2F076982992FE7900A97155 /* Frameworks */ = {
			isa = PBXGroup;
			children = (
			);
			name = Frameworks;
			sourceTree = "<group>";
		};
		D2F076AE2993239A00A97155 /* Products */ = {
			isa = PBXGroup;
			children = (
				D2F076B52993239A00A97155 /* SAL_test */,
				D2F076B72993239A00A97155 /* SAL test (with SH) */,
				D2F076B92993239A00A97155 /* libSAL.a */,
				D2F076BB2993239A00A97155 /* libSALiOS.a */,
			);
			name = Products;
			sourceTree = "<group>";
		};
/* End PBXGroup section */

/* Begin PBXNativeTarget section */
		D202689729709BBF006AD5DA /* Variable Delay Line Project */ = {
			isa = PBXNativeTarget;
			buildConfigurationList = D202689F29709BBF006AD5DA /* Build configuration list for PBXNativeTarget "Variable Delay Line Project" */;
			buildPhases = (
				D202689429709BBF006AD5DA /* Sources */,
				D202689529709BBF006AD5DA /* Frameworks */,
				D202689629709BBF006AD5DA /* CopyFiles */,
			);
			buildRules = (
			);
			dependencies = (
				D2F0769B2992FE8C00A97155 /* PBXTargetDependency */,
			);
			name = "Variable Delay Line Project";
			productName = "Variable Delay Line Project";
			productReference = D202689829709BBF006AD5DA /* Variable Delay Line Project */;
			productType = "com.apple.product-type.tool";
		};
/* End PBXNativeTarget section */

/* Begin PBXProject section */
		D202689029709BBF006AD5DA /* Project object */ = {
			isa = PBXProject;
			attributes = {
				BuildIndependentTargetsInParallel = 1;
				LastUpgradeCheck = 1410;
				TargetAttributes = {
					D202689729709BBF006AD5DA = {
						CreatedOnToolsVersion = 14.1;
					};
				};
			};
			buildConfigurationList = D202689329709BBF006AD5DA /* Build configuration list for PBXProject "Variable Delay Line Project" */;
			compatibilityVersion = "Xcode 14.0";
			developmentRegion = en;
			hasScannedForEncodings = 0;
			knownRegions = (
				en,
				Base,
			);
			mainGroup = D202688F29709BBF006AD5DA;
			productRefGroup = D202689929709BBF006AD5DA /* Products */;
			projectDirPath = "";
			projectReferences = (
				{
					ProductGroup = D2F076AE2993239A00A97155 /* Products */;
					ProjectRef = D2F076AD2993239A00A97155 /* SAL.xcodeproj */;
				},
				{
					ProductGroup = D2F076902992FE5600A97155 /* Products */;
					ProjectRef = D2F0768F2992FE5600A97155 /* STK.xcodeproj */;
				},
			);
			projectRoot = "";
			targets = (
				D202689729709BBF006AD5DA /* Variable Delay Line Project */,
			);
		};
/* End PBXProject section */

/* Begin PBXReferenceProxy section */
		D2F076952992FE5600A97155 /* libSTK.a */ = {
			isa = PBXReferenceProxy;
			fileType = archive.ar;
			path = libSTK.a;
			remoteRef = D2F076942992FE5600A97155 /* PBXContainerItemProxy */;
			sourceTree = BUILT_PRODUCTS_DIR;
		};
		D2F076972992FE5600A97155 /* rawwaves.bundle */ = {
			isa = PBXReferenceProxy;
			fileType = wrapper.cfbundle;
			path = rawwaves.bundle;
			remoteRef = D2F076962992FE5600A97155 /* PBXContainerItemProxy */;
			sourceTree = BUILT_PRODUCTS_DIR;
		};
		D2F076B52993239A00A97155 /* SAL_test */ = {
			isa = PBXReferenceProxy;
			fileType = "compiled.mach-o.executable";
			path = SAL_test;
			remoteRef = D2F076B42993239A00A97155 /* PBXContainerItemProxy */;
			sourceTree = BUILT_PRODUCTS_DIR;
		};
		D2F076B72993239A00A97155 /* SAL test (with SH) */ = {
			isa = PBXReferenceProxy;
			fileType = "compiled.mach-o.executable";
			path = "SAL test (with SH)";
			remoteRef = D2F076B62993239A00A97155 /* PBXContainerItemProxy */;
			sourceTree = BUILT_PRODUCTS_DIR;
		};
		D2F076B92993239A00A97155 /* libSAL.a */ = {
			isa = PBXReferenceProxy;
			fileType = archive.ar;
			path = libSAL.a;
			remoteRef = D2F076B82993239A00A97155 /* PBXContainerItemProxy */;
			sourceTree = BUILT_PRODUCTS_DIR;
		};
		D2F076BB2993239A00A97155 /* libSALiOS.a */ = {
			isa = PBXReferenceProxy;
			fileType = archive.ar;
			path = libSALiOS.a;
			remoteRef = D2F076BA2993239A00A97155 /* PBXContainerItemProxy */;
			sourceTree = BUILT_PRODUCTS_DIR;
		};
/* End PBXReferenceProxy section */

/* Begin PBXSourcesBuildPhase section */
		D202689429709BBF006AD5DA /* Sources */ = {
			isa = PBXSourcesBuildPhase;
			buildActionMask = 2147483647;
			files = (
				D202689C29709BBF006AD5DA /* main.cpp in Sources */,
				D2C7C49D299279B100F1616F /* commands.cpp in Sources */,
				D2C7C49A299279A500F1616F /* interpolate.cpp in Sources */,
			);
			runOnlyForDeploymentPostprocessing = 0;
		};
/* End PBXSourcesBuildPhase section */

/* Begin PBXTargetDependency section */
		D2F0769B2992FE8C00A97155 /* PBXTargetDependency */ = {
			isa = PBXTargetDependency;
			name = rawwaves;
			targetProxy = D2F0769A2992FE8C00A97155 /* PBXContainerItemProxy */;
		};
/* End PBXTargetDependency section */

/* Begin XCBuildConfiguration section */
		D202689D29709BBF006AD5DA /* Debug */ = {
			isa = XCBuildConfiguration;
			buildSettings = {
				ALWAYS_SEARCH_USER_PATHS = NO;
				CLANG_ANALYZER_NONNULL = YES;
				CLANG_ANALYZER_NUMBER_OBJECT_CONVERSION = YES_AGGRESSIVE;
				CLANG_CXX_LANGUAGE_STANDARD = "gnu++20";
				CLANG_ENABLE_MODULES = YES;
				CLANG_ENABLE_OBJC_ARC = YES;
				CLANG_ENABLE_OBJC_WEAK = YES;
				CLANG_WARN_BLOCK_CAPTURE_AUTORELEASING = YES;
				CLANG_WARN_BOOL_CONVERSION = YES;
				CLANG_WARN_COMMA = YES;
				CLANG_WARN_CONSTANT_CONVERSION = YES;
				CLANG_WARN_DEPRECATED_OBJC_IMPLEMENTATIONS = YES;
				CLANG_WARN_DIRECT_OBJC_ISA_USAGE = YES_ERROR;
				CLANG_WARN_DOCUMENTATION_COMMENTS = YES;
				CLANG_WARN_EMPTY_BODY = YES;
				CLANG_WARN_ENUM_CONVERSION = YES;
				CLANG_WARN_INFINITE_RECURSION = YES;
				CLANG_WARN_INT_CONVERSION = YES;
				CLANG_WARN_NON_LITERAL_NULL_CONVERSION = YES;
				CLANG_WARN_OBJC_IMPLICIT_RETAIN_SELF = YES;
				CLANG_WARN_OBJC_LITERAL_CONVERSION = YES;
				CLANG_WARN_OBJC_ROOT_CLASS = YES_ERROR;
				CLANG_WARN_QUOTED_INCLUDE_IN_FRAMEWORK_HEADER = YES;
				CLANG_WARN_RANGE_LOOP_ANALYSIS = YES;
				CLANG_WARN_STRICT_PROTOTYPES = YES;
				CLANG_WARN_SUSPICIOUS_MOVE = YES;
				CLANG_WARN_UNGUARDED_AVAILABILITY = YES_AGGRESSIVE;
				CLANG_WARN_UNREACHABLE_CODE = YES;
				CLANG_WARN__DUPLICATE_METHOD_MATCH = YES;
				COPY_PHASE_STRIP = NO;
				DEBUG_INFORMATION_FORMAT = dwarf;
				ENABLE_STRICT_OBJC_MSGSEND = YES;
				ENABLE_TESTABILITY = YES;
				GCC_C_LANGUAGE_STANDARD = gnu11;
				GCC_DYNAMIC_NO_PIC = NO;
				GCC_NO_COMMON_BLOCKS = YES;
				GCC_OPTIMIZATION_LEVEL = 0;
				GCC_PREPROCESSOR_DEFINITIONS = (
					"DEBUG=1",
					"$(inherited)",
				);
				GCC_WARN_64_TO_32_BIT_CONVERSION = YES;
				GCC_WARN_ABOUT_RETURN_TYPE = YES_ERROR;
				GCC_WARN_UNDECLARED_SELECTOR = YES;
				GCC_WARN_UNINITIALIZED_AUTOS = YES_AGGRESSIVE;
				GCC_WARN_UNUSED_FUNCTION = YES;
				GCC_WARN_UNUSED_VARIABLE = YES;
				MACOSX_DEPLOYMENT_TARGET = 12.6;
				MTL_ENABLE_DEBUG_INFO = INCLUDE_SOURCE;
				MTL_FAST_MATH = YES;
				ONLY_ACTIVE_ARCH = YES;
				SDKROOT = macosx;
			};
			name = Debug;
		};
		D202689E29709BBF006AD5DA /* Release */ = {
			isa = XCBuildConfiguration;
			buildSettings = {
				ALWAYS_SEARCH_USER_PATHS = NO;
				CLANG_ANALYZER_NONNULL = YES;
				CLANG_ANALYZER_NUMBER_OBJECT_CONVERSION = YES_AGGRESSIVE;
				CLANG_CXX_LANGUAGE_STANDARD = "gnu++20";
				CLANG_ENABLE_MODULES = YES;
				CLANG_ENABLE_OBJC_ARC = YES;
				CLANG_ENABLE_OBJC_WEAK = YES;
				CLANG_WARN_BLOCK_CAPTURE_AUTORELEASING = YES;
				CLANG_WARN_BOOL_CONVERSION = YES;
				CLANG_WARN_COMMA = YES;
				CLANG_WARN_CONSTANT_CONVERSION = YES;
				CLANG_WARN_DEPRECATED_OBJC_IMPLEMENTATIONS = YES;
				CLANG_WARN_DIRECT_OBJC_ISA_USAGE = YES_ERROR;
				CLANG_WARN_DOCUMENTATION_COMMENTS = YES;
				CLANG_WARN_EMPTY_BODY = YES;
				CLANG_WARN_ENUM_CONVERSION = YES;
				CLANG_WARN_INFINITE_RECURSION = YES;
				CLANG_WARN_INT_CONVERSION = YES;
				CLANG_WARN_NON_LITERAL_NULL_CONVERSION = YES;
				CLANG_WARN_OBJC_IMPLICIT_RETAIN_SELF = YES;
				CLANG_WARN_OBJC_LITERAL_CONVERSION = YES;
				CLANG_WARN_OBJC_ROOT_CLASS = YES_ERROR;
				CLANG_WARN_QUOTED_INCLUDE_IN_FRAMEWORK_HEADER = YES;
				CLANG_WARN_RANGE_LOOP_ANALYSIS = YES;
				CLANG_WARN_STRICT_PROTOTYPES = YES;
				CLANG_WARN_SUSPICIOUS_MOVE = YES;
				CLANG_WARN_UNGUARDED_AVAILABILITY = YES_AGGRESSIVE;
				CLANG_WARN_UNREACHABLE_CODE = YES;
				CLANG_WARN__DUPLICATE_METHOD_MATCH = YES;
				COPY_PHASE_STRIP = NO;
				DEBUG_INFORMATION_FORMAT = "dwarf-with-dsym";
				ENABLE_NS_ASSERTIONS = NO;
				ENABLE_STRICT_OBJC_MSGSEND = YES;
				GCC_C_LANGUAGE_STANDARD = gnu11;
				GCC_NO_COMMON_BLOCKS = YES;
				GCC_WARN_64_TO_32_BIT_CONVERSION = YES;
				GCC_WARN_ABOUT_RETURN_TYPE = YES_ERROR;
				GCC_WARN_UNDECLARED_SELECTOR = YES;
				GCC_WARN_UNINITIALIZED_AUTOS = YES_AGGRESSIVE;
				GCC_WARN_UNUSED_FUNCTION = YES;
				GCC_WARN_UNUSED_VARIABLE = YES;
				MACOSX_DEPLOYMENT_TARGET = 12.6;
				MTL_ENABLE_DEBUG_INFO = NO;
				MTL_FAST_MATH = YES;
				SDKROOT = macosx;
			};
			name = Release;
		};
		D20268A029709BBF006AD5DA /* Debug */ = {
			isa = XCBuildConfiguration;
			buildSettings = {
				CODE_SIGN_STYLE = Automatic;
				DEVELOPMENT_TEAM = H4H52R7WJ8;
				ENABLE_HARDENED_RUNTIME = YES;
				GENERATE_INFOPLIST_FILE = YES;
				HEADER_SEARCH_PATHS = (
					/Users/alexsedman/Documents/Xcode,
					Projects/Variable,
					Delay,
					Line,
					"Project/stk-master/include",
				);
				PRODUCT_NAME = "$(TARGET_NAME)";
			};
			name = Debug;
		};
		D20268A129709BBF006AD5DA /* Release */ = {
			isa = XCBuildConfiguration;
			buildSettings = {
				CODE_SIGN_STYLE = Automatic;
				DEVELOPMENT_TEAM = H4H52R7WJ8;
				ENABLE_HARDENED_RUNTIME = YES;
				GENERATE_INFOPLIST_FILE = YES;
				HEADER_SEARCH_PATHS = (
					/Users/alexsedman/Documents/Xcode,
					Projects/Variable,
					Delay,
					Line,
					"Project/stk-master/include",
				);
				PRODUCT_NAME = "$(TARGET_NAME)";
			};
			name = Release;
		};
/* End XCBuildConfiguration section */

/* Begin XCConfigurationList section */
		D202689329709BBF006AD5DA /* Build configuration list for PBXProject "Variable Delay Line Project" */ = {
			isa = XCConfigurationList;
			buildConfigurations = (
				D202689D29709BBF006AD5DA /* Debug */,
				D202689E29709BBF006AD5DA /* Release */,
			);
			defaultConfigurationIsVisible = 0;
			defaultConfigurationName = Release;
		};
		D202689F29709BBF006AD5DA /* Build configuration list for PBXNativeTarget "Variable Delay Line Project" */ = {
			isa = XCConfigurationList;
			buildConfigurations = (
				D20268A029709BBF006AD5DA /* Debug */,
				D20268A129709BBF006AD5DA /* Release */,
			);
			defaultConfigurationIsVisible = 0;
			defaultConfigurationName = Release;
		};
/* End XCConfigurationList section */
	};
	rootObject = D202689029709BBF006AD5DA /* Project object */;
}
